{
  "requires": true,
  "lockfileVersion": 1,
  "dependencies": {
    "vue-router": {
      "version": "3.1.2",
      "resolved": "https://registry.npmjs.org/vue-router/-/vue-router-3.1.2.tgz",
      "integrity": "sha512-WssQEHSEvIS1/CI4CO2T8LJdoK4Q9Ngox28K7FDNMTfzNTk2WS5D0dDlqYCaPG+AG4Z8wJkn1KrBc7AhspZJUQ=="
    },
    "vuex": {
      "version": "3.1.1",
      "resolved": "https://registry.npmjs.org/vuex/-/vuex-3.1.1.tgz",
      "integrity": "sha512-ER5moSbLZuNSMBFnEBVGhQ1uCBNJslH9W/Dw2W7GZN23UQA69uapP5GTT9Vm8Trc0PzBSVt6LzF3hGjmv41xcg=="
    }
  }
}
